
Microsoft Visual Studio Solution File, Format Version 12.00
# Visual Studio Version 16
VisualStudioVersion = 16.0.31205.134
MinimumVisualStudioVersion = 10.0.40219.1
Project("{FAE04EC0-301F-11D3-BF4B-00C04F79EFBC}") = "Exercise 01 - MULT HERITAGE", "Exercise 01 - MULT HERITAGE\Exercise 01 - MULT HERITAGE.csproj", "{9E24FCD3-8AA4-482C-A444-8BCDEABF9FA6}"
EndProject
Global
	GlobalSection(SolutionConfigurationPlatforms) = preSolution
		Debug|Any CPU = Debug|Any CPU
		Release|Any CPU = Release|Any CPU
	EndGlobalSection
	GlobalSection(ProjectConfigurationPlatforms) = postSolution
		{9E24FCD3-8AA4-482C-A444-8BCDEABF9FA6}.Debug|Any CPU.ActiveCfg = Debug|Any CPU
		{9E24FCD3-8AA4-482C-A444-8BCDEABF9FA6}.Debug|Any CPU.Build.0 = Debug|Any CPU
		{9E24FCD3-8AA4-482C-A444-8BCDEABF9FA6}.Release|Any CPU.ActiveCfg = Release|Any CPU
		{9E24FCD3-8AA4-482C-A444-8BCDEABF9FA6}.Release|Any CPU.Build.0 = Release|Any CPU
	EndGlobalSection
	GlobalSection(SolutionProperties) = preSolution
		HideSolutionNode = FALSE
	EndGlobalSection
	GlobalSection(ExtensibilityGlobals) = postSolution
		SolutionGuid = {3858AE42-582B-4C37-93B5-C9F26A672826}
	EndGlobalSection
EndGlobal
